
Microsoft Visual Studio Solution File, Format Version 12.00
# Visual Studio Version 17
VisualStudioVersion = 17.4.33110.190
MinimumVisualStudioVersion = 10.0.40219.1
Project("{FAE04EC0-301F-11D3-BF4B-00C04F79EFBC}") = "Prj_API", "Prj_API\Prj_API.csproj", "{77477A86-2A8C-4919-9330-01BB45263971}"
EndProject
Global
	GlobalSection(SolutionConfigurationPlatforms) = preSolution
		Debug|Any CPU = Debug|Any CPU
		Release|Any CPU = Release|Any CPU
	EndGlobalSection
	GlobalSection(ProjectConfigurationPlatforms) = postSolution
		{77477A86-2A8C-4919-9330-01BB45263971}.Debug|Any CPU.ActiveCfg = Debug|Any CPU
		{77477A86-2A8C-4919-9330-01BB45263971}.Debug|Any CPU.Build.0 = Debug|Any CPU
		{77477A86-2A8C-4919-9330-01BB45263971}.Release|Any CPU.ActiveCfg = Release|Any CPU
		{77477A86-2A8C-4919-9330-01BB45263971}.Release|Any CPU.Build.0 = Release|Any CPU
	EndGlobalSection
	GlobalSection(SolutionProperties) = preSolution
		HideSolutionNode = FALSE
	EndGlobalSection
	GlobalSection(ExtensibilityGlobals) = postSolution
		SolutionGuid = {06CAC866-A6E1-4E37-B87D-045E4FDB657F}
	EndGlobalSection
EndGlobal
